
Microsoft Visual Studio Solution File, Format Version 12.00
# Visual Studio Version 17
VisualStudioVersion = 17.3.32922.545
MinimumVisualStudioVersion = 10.0.40219.1
Project("{FAE04EC0-301F-11D3-BF4B-00C04F79EFBC}") = "GroccerManagment", "GroccerManagment\GroccerManagment.csproj", "{6EBDD308-A182-424E-B6F7-D2374EC10964}"
EndProject
Global
	GlobalSection(SolutionConfigurationPlatforms) = preSolution
		Debug|Any CPU = Debug|Any CPU
		Release|Any CPU = Release|Any CPU
	EndGlobalSection
	GlobalSection(ProjectConfigurationPlatforms) = postSolution
		{6EBDD308-A182-424E-B6F7-D2374EC10964}.Debug|Any CPU.ActiveCfg = Debug|Any CPU
		{6EBDD308-A182-424E-B6F7-D2374EC10964}.Debug|Any CPU.Build.0 = Debug|Any CPU
		{6EBDD308-A182-424E-B6F7-D2374EC10964}.Release|Any CPU.ActiveCfg = Release|Any CPU
		{6EBDD308-A182-424E-B6F7-D2374EC10964}.Release|Any CPU.Build.0 = Release|Any CPU
	EndGlobalSection
	GlobalSection(SolutionProperties) = preSolution
		HideSolutionNode = FALSE
	EndGlobalSection
	GlobalSection(ExtensibilityGlobals) = postSolution
		SolutionGuid = {B140AA71-26CE-4E4A-A79E-13B6B0FFB089}
	EndGlobalSection
EndGlobal
